{
    "name":  "Microsoft.IIS.WebManager",
    "dependencies":  {
                         "@angular/common":  {
                                                 "version":  "2.4.10",
                                                 "from":  "@angular/common@2.4.10",
                                                 "resolved":  "https://registry.npmjs.org/@angular/common/-/common-2.4.10.tgz",
                                                 "Hash":  "289D5A4186AF4A6B0353DB9D031DF7ED2B1F96FEDBBA61E39373BC7558239AE9"
                                             },
                         "@angular/compiler":  {
                                                   "version":  "2.4.10",
                                                   "from":  "@angular/compiler@2.4.10",
                                                   "resolved":  "https://registry.npmjs.org/@angular/compiler/-/compiler-2.4.10.tgz",
                                                   "Hash":  "FCA1602F1F7E2B5568374E5E3B39E4D1F4932E5D1134F660FCF93826C1F835C2"
                                               },
                         "@angular/core":  {
                                               "version":  "2.4.10",
                                               "from":  "@angular/core@2.4.10",
                                               "resolved":  "https://registry.npmjs.org/@angular/core/-/core-2.4.10.tgz",
                                               "Hash":  "DB75B4765ABCC6F0ABCFA7E24B1FFE6CCC89D6E519AFE544F2DC5CBEC620C726"
                                           },
                         "@angular/forms":  {
                                                "version":  "2.4.10",
                                                "from":  "@angular/forms@2.4.10",
                                                "resolved":  "https://registry.npmjs.org/@angular/forms/-/forms-2.4.10.tgz",
                                                "Hash":  "305289E53265447975554F1D63719725E593EA7963610A9899AB884DE7BC2543"
                                            },
                         "@angular/http":  {
                                               "version":  "2.4.10",
                                               "from":  "@angular/http@2.4.10",
                                               "resolved":  "https://registry.npmjs.org/@angular/http/-/http-2.4.10.tgz",
                                               "Hash":  "FB9D4F854DCAD854923AE892FD7729F2EDC3F64DEBE1B9C0D5CA81CA45927F88"
                                           },
                         "@angular/platform-browser":  {
                                                           "version":  "2.4.10",
                                                           "from":  "@angular/platform-browser@2.4.10",
                                                           "resolved":  "https://registry.npmjs.org/@angular/platform-browser/-/platform-browser-2.4.10.tgz",
                                                           "Hash":  "A83584323D86F94EAEAC5A59D92915EBBD18CC26C5BB7BBB2F5C7A8102C07923"
                                                       },
                         "@angular/platform-browser-dynamic":  {
                                                                   "version":  "2.4.10",
                                                                   "from":  "@angular/platform-browser-dynamic@2.4.10",
                                                                   "resolved":  "https://registry.npmjs.org/@angular/platform-browser-dynamic/-/platform-browser-dynamic-2.4.10.tgz",
                                                                   "Hash":  "E948D2AAD6B9890765B66894D1DB013916633823EE33AA28C5ACFCFB2A8AA75A"
                                                               },
                         "@angular/router":  {
                                                 "version":  "3.4.10",
                                                 "from":  "@angular/router@3.4.10",
                                                 "resolved":  "https://registry.npmjs.org/@angular/router/-/router-3.4.10.tgz",
                                                 "Hash":  "67F20D71CE7BFEC9A3DA6BCBC3053EF2A69BF5E9B3D9C13EF3697335E1265F90"
                                             },
                         "@angular/upgrade":  {
                                                  "version":  "2.4.10",
                                                  "from":  "@angular/upgrade@2.4.10",
                                                  "resolved":  "https://registry.npmjs.org/@angular/upgrade/-/upgrade-2.4.10.tgz",
                                                  "Hash":  "CCCB2CD7A4D5BB45B288028905806B11C13F12C9C0BCE9BF775A56D450F32D38"
                                              },
                         "angulartics2":  {
                                              "version":  "1.1.12",
                                              "from":  "angulartics2@1.1.12",
                                              "resolved":  "https://registry.npmjs.org/angulartics2/-/angulartics2-1.1.12.tgz",
                                              "Hash":  "DAE0AD69A2B2C8DC4DA7D67ABC817942BEA552D3990EB80ADF36D9A4378AAC95"
                                          },
                         "bootstrap":  {
                                           "version":  "3.3.7",
                                           "from":  "bootstrap@3.3.7",
                                           "resolved":  "https://registry.npmjs.org/bootstrap/-/bootstrap-3.3.7.tgz",
                                           "Hash":  "6A5E17A69ADA3DFF645735129A614A5B2DEA23C519E5DD24ECB3A429BDE896EF"
                                       },
                         "chart.js":  {
                                          "version":  "2.7.0",
                                          "from":  "chart.js@2.7.0",
                                          "resolved":  "https://registry.npmjs.org/chart.js/-/chart.js-2.7.0.tgz",
                                          "Hash":  "700AC20CBC44BD7851AA5A5A064743D88675C9FEB2EFBF2796AED492359B838B"
                                      },
                         "chartjs-color":  {
                                               "version":  "2.2.0",
                                               "from":  "chartjs-color@\u003e=2.2.0 \u003c2.3.0",
                                               "resolved":  "https://registry.npmjs.org/chartjs-color/-/chartjs-color-2.2.0.tgz",
                                               "Hash":  "F21DCCA907CAFBA283420214866310190B2688E4D74FC33A38D9D3FAD1CBD932"
                                           },
                         "chartjs-color-string":  {
                                                      "version":  "0.5.0",
                                                      "from":  "chartjs-color-string@\u003e=0.5.0 \u003c0.6.0",
                                                      "resolved":  "https://registry.npmjs.org/chartjs-color-string/-/chartjs-color-string-0.5.0.tgz",
                                                      "Hash":  "B5F44552AD22A5489E6E6FD3ABD14AC9906328949328B4AB812C4EB55E90DBCD"
                                                  },
                         "color-convert":  {
                                               "version":  "0.5.3",
                                               "from":  "color-convert@\u003e=0.5.3 \u003c0.6.0",
                                               "resolved":  "https://registry.npmjs.org/color-convert/-/color-convert-0.5.3.tgz",
                                               "Hash":  "90D6F6838931452F344F3848CA92D6AAC97794B34D8134750B14C4F0AD4322D7"
                                           },
                         "color-name":  {
                                            "version":  "1.1.3",
                                            "from":  "color-name@\u003e=1.0.0 \u003c2.0.0",
                                            "resolved":  "https://registry.npmjs.org/color-name/-/color-name-1.1.3.tgz",
                                            "Hash":  "DA135C19417D45F153B96BD4D8E571F15791F1A90D1172A2DD07658C4550B7F5"
                                        },
                         "core-js":  {
                                         "version":  "2.4.1",
                                         "from":  "core-js@2.4.1",
                                         "resolved":  "https://registry.npmjs.org/core-js/-/core-js-2.4.1.tgz",
                                         "Hash":  "863EC8EE01EC67C0FD49B32413C1519261765E61BA02B45EAF592456D02825FA"
                                     },
                         "es6-promise":  {
                                             "version":  "4.0.5",
                                             "from":  "es6-promise@4.0.5",
                                             "resolved":  "https://registry.npmjs.org/es6-promise/-/es6-promise-4.0.5.tgz",
                                             "Hash":  "CE0F6E26B1C254551656083DA5A7E457F56A8EA1609567B66C6F09F992B84498"
                                         },
                         "es6-shim":  {
                                          "version":  "0.35.3",
                                          "from":  "es6-shim@0.35.3",
                                          "resolved":  "https://registry.npmjs.org/es6-shim/-/es6-shim-0.35.3.tgz",
                                          "Hash":  "8D2F9D084108C8E35A10701A07974849D12BD3E3D50210C13ED8B1277FF90433"
                                      },
                         "font-awesome":  {
                                              "version":  "4.7.0",
                                              "from":  "font-awesome@4.7.0",
                                              "resolved":  "https://registry.npmjs.org/font-awesome/-/font-awesome-4.7.0.tgz",
                                              "Hash":  "BDA77D728D08B1524BAD43C364C46843966F0CCD952D0E7B64A699695C0A3422"
                                          },
                         "jquery":  {
                                        "version":  "3.2.0",
                                        "from":  "jquery@3.2.0",
                                        "resolved":  "https://registry.npmjs.org/jquery/-/jquery-3.2.0.tgz",
                                        "Hash":  "CE2F836F59B0FD23413C293CDD4C808E6711B569B4945763BA7C6FAA483F9089"
                                    },
                         "moment":  {
                                        "version":  "2.18.1",
                                        "from":  "moment@\u003e=2.18.0 \u003c2.19.0",
                                        "resolved":  "https://registry.npmjs.org/moment/-/moment-2.18.1.tgz",
                                        "Hash":  "46CBB9B019755DC726C649994CBACA16A7F4AE720F41A1C63F0E99056A88C06D"
                                    },
                         "monaco-editor":  {
                                               "version":  "0.8.1",
                                               "from":  "monaco-editor@0.8.1",
                                               "resolved":  "https://registry.npmjs.org/monaco-editor/-/monaco-editor-0.8.1.tgz",
                                               "Hash":  "E56AA9112FFF4317D51FF6DFACBC08DACC35EC41B458E585AC2E2B595585536C"
                                           },
                         "ng2-charts":  {
                                            "version":  "1.6.0",
                                            "from":  "ng2-charts@1.6.0",
                                            "resolved":  "https://registry.npmjs.org/ng2-charts/-/ng2-charts-1.6.0.tgz",
                                            "Hash":  "AF5072B537B83AED056ED51A180F1F65EB13DDE7764F1B13B0D64D582B48A08D"
                                        },
                         "reflect-metadata":  {
                                                  "version":  "0.1.10",
                                                  "from":  "reflect-metadata@0.1.10",
                                                  "resolved":  "https://registry.npmjs.org/reflect-metadata/-/reflect-metadata-0.1.10.tgz",
                                                  "Hash":  "C7B1AA496B28E7BA438382ADF047F3FEA8D933C9665FB34AD81305934D268FA8"
                                              },
                         "rxjs":  {
                                      "version":  "5.0.1",
                                      "from":  "rxjs@5.0.1",
                                      "resolved":  "https://registry.npmjs.org/rxjs/-/rxjs-5.0.1.tgz",
                                      "Hash":  "5E620D7735F754A02AD5DC4FC0593C28D523153E19A7FE329B7C4BB99E067764"
                                  },
                         "symbol-observable":  {
                                                   "version":  "1.0.4",
                                                   "from":  "symbol-observable@\u003e=1.0.1 \u003c2.0.0",
                                                   "resolved":  "https://registry.npmjs.org/symbol-observable/-/symbol-observable-1.0.4.tgz",
                                                   "Hash":  "D2C4E95F4B3005CB9331502C71C7D411CDEE49DB0BBB01562C276D563D7E7D75"
                                               },
                         "systemjs":  {
                                          "version":  "0.19.40",
                                          "from":  "systemjs@0.19.40",
                                          "resolved":  "https://registry.npmjs.org/systemjs/-/systemjs-0.19.40.tgz",
                                          "Hash":  "329DAAB374A0902C53CBBEC5A1B18BB32D4590EE9FD193AEBF4E4354F500A791"
                                      },
                         "when":  {
                                      "version":  "3.7.8",
                                      "from":  "when@\u003e=3.7.5 \u003c4.0.0",
                                      "resolved":  "https://registry.npmjs.org/when/-/when-3.7.8.tgz",
                                      "Hash":  "E071B1118428E1EFE8FE3794CC990B1C07409F4D917D9E65FC521F01E0B5C39F"
                                  },
                         "zone.js":  {
                                         "version":  "0.7.4",
                                         "from":  "zone.js@0.7.4",
                                         "resolved":  "https://registry.npmjs.org/zone.js/-/zone.js-0.7.4.tgz",
                                         "Hash":  "0B2659FD097570469D7B259A6DB57DBB219BA1B645F023ECF69702C08023AE99"
                                     }
                     }
}