{
    "dependencies":  {
                         "@angular/common":  {
                                                 "version":  "2.0.2",
                                                 "from":  "@angular/common@2.0.2",
                                                 "resolved":  "https://registry.npmjs.org/@angular/common/-/common-2.0.2.tgz",
                                                 "Hash":  "001849AE0EEDBE68608E88C8F0BDF3CF89CC65725F6CB24C9E4BBE7804E84BC2"
                                             },
                         "@angular/compiler":  {
                                                   "version":  "2.0.2",
                                                   "from":  "@angular/compiler@2.0.2",
                                                   "resolved":  "https://registry.npmjs.org/@angular/compiler/-/compiler-2.0.2.tgz",
                                                   "Hash":  "4352BCA0DB7F062FD3D31A51EA7C7DC69EF6CEFBFD0F9FABD652AEFCFFE0211A"
                                               },
                         "@angular/core":  {
                                               "version":  "2.0.2",
                                               "from":  "@angular/core@2.0.2",
                                               "resolved":  "https://registry.npmjs.org/@angular/core/-/core-2.0.2.tgz",
                                               "Hash":  "F7A27931E54710246D302D5BE72F224DC870A627CFD6E2372AA69EDD083EC05E"
                                           },
                         "@angular/forms":  {
                                                "version":  "2.0.2",
                                                "from":  "@angular/forms@2.0.2",
                                                "resolved":  "https://registry.npmjs.org/@angular/forms/-/forms-2.0.2.tgz",
                                                "Hash":  "90D7CE45F84D93263DCE6CC0319B16ABC4C74AF9D994109CB86E7D77410B45DC"
                                            },
                         "@angular/http":  {
                                               "version":  "2.0.2",
                                               "from":  "@angular/http@2.0.2",
                                               "resolved":  "https://registry.npmjs.org/@angular/http/-/http-2.0.2.tgz",
                                               "Hash":  "815E04F75820D538EAB4BC5BD6CBBB91FCDA91F29263B82577B394549DD22D9F"
                                           },
                         "@angular/platform-browser":  {
                                                           "version":  "2.0.2",
                                                           "from":  "@angular/platform-browser@2.0.2",
                                                           "resolved":  "https://registry.npmjs.org/@angular/platform-browser/-/platform-browser-2.0.2.tgz",
                                                           "Hash":  "3FB62A644D33A7CBF09E3EE2C9FFB8ED2456FB47E574D58478C25AAEE6066B45"
                                                       },
                         "@angular/platform-browser-dynamic":  {
                                                                   "version":  "2.0.2",
                                                                   "from":  "@angular/platform-browser-dynamic@2.0.2",
                                                                   "resolved":  "https://registry.npmjs.org/@angular/platform-browser-dynamic/-/platform-browser-dynamic-2.0.2.tgz",
                                                                   "Hash":  "544576707C6A597BA894AA0D486A79B08D762ABE9845C98A9DFED5F4FCB463E2"
                                                               },
                         "@angular/router":  {
                                                 "version":  "3.0.2",
                                                 "from":  "@angular/router@3.0.2",
                                                 "resolved":  "https://registry.npmjs.org/@angular/router/-/router-3.0.2.tgz",
                                                 "Hash":  "BF1D5EE4B093D55F1B90E481448AEA7A6C8821C5EBE131A303561FB51B985FA6"
                                             },
                         "@angular/upgrade":  {
                                                  "version":  "2.0.2",
                                                  "from":  "@angular/upgrade@2.0.2",
                                                  "resolved":  "https://registry.npmjs.org/@angular/upgrade/-/upgrade-2.0.2.tgz",
                                                  "Hash":  "BD2ED69D47B8329E676DA80B19CAA2FCC1C273757CEDF4713095762D25892AC4"
                                              },
                         "angulartics2":  {
                                              "version":  "1.1.12",
                                              "from":  "angulartics2@1.1.12",
                                              "resolved":  "https://registry.npmjs.org/angulartics2/-/angulartics2-1.1.12.tgz",
                                              "Hash":  "DAE0AD69A2B2C8DC4DA7D67ABC817942BEA552D3990EB80ADF36D9A4378AAC95"
                                          },
                         "bootstrap":  {
                                           "version":  "3.3.7",
                                           "from":  "bootstrap@3.3.7",
                                           "resolved":  "https://registry.npmjs.org/bootstrap/-/bootstrap-3.3.7.tgz",
                                           "Hash":  "6A5E17A69ADA3DFF645735129A614A5B2DEA23C519E5DD24ECB3A429BDE896EF"
                                       },
                         "core-js":  {
                                         "version":  "2.4.1",
                                         "from":  "core-js@2.4.1",
                                         "resolved":  "https://registry.npmjs.org/core-js/-/core-js-2.4.1.tgz",
                                         "Hash":  "863EC8EE01EC67C0FD49B32413C1519261765E61BA02B45EAF592456D02825FA"
                                     },
                         "es6-promise":  {
                                             "version":  "4.0.5",
                                             "from":  "es6-promise@4.0.5",
                                             "resolved":  "https://registry.npmjs.org/es6-promise/-/es6-promise-4.0.5.tgz",
                                             "Hash":  "CE0F6E26B1C254551656083DA5A7E457F56A8EA1609567B66C6F09F992B84498"
                                         },
                         "es6-shim":  {
                                          "version":  "0.35.3",
                                          "from":  "es6-shim@0.35.3",
                                          "resolved":  "https://registry.npmjs.org/es6-shim/-/es6-shim-0.35.3.tgz",
                                          "Hash":  "8D2F9D084108C8E35A10701A07974849D12BD3E3D50210C13ED8B1277FF90433"
                                      },
                         "font-awesome":  {
                                              "version":  "4.7.0",
                                              "from":  "font-awesome@4.7.0",
                                              "resolved":  "https://registry.npmjs.org/font-awesome/-/font-awesome-4.7.0.tgz",
                                              "Hash":  "BDA77D728D08B1524BAD43C364C46843966F0CCD952D0E7B64A699695C0A3422"
                                          },
                         "jquery":  {
                                        "version":  "2.2.4",
                                        "from":  "jquery@2.2.4",
                                        "resolved":  "https://registry.npmjs.org/jquery/-/jquery-2.2.4.tgz",
                                        "Hash":  "B94D4202FE640FAABEB4623275670A5188A7F113BE60DBB5D341F7C443A3EB5E"
                                    },
                         "monaco-editor":  {
                                               "version":  "0.8.1",
                                               "from":  "monaco-editor@0.8.1",
                                               "resolved":  "https://registry.npmjs.org/monaco-editor/-/monaco-editor-0.8.1.tgz",
                                               "Hash":  "E56AA9112FFF4317D51FF6DFACBC08DACC35EC41B458E585AC2E2B595585536C"
                                           },
                         "reflect-metadata":  {
                                                  "version":  "0.1.10",
                                                  "from":  "reflect-metadata@0.1.10",
                                                  "resolved":  "https://registry.npmjs.org/reflect-metadata/-/reflect-metadata-0.1.10.tgz",
                                                  "Hash":  "C7B1AA496B28E7BA438382ADF047F3FEA8D933C9665FB34AD81305934D268FA8"
                                              },
                         "rxjs":  {
                                      "version":  "5.0.0-beta.12",
                                      "from":  "rxjs@5.0.0-beta.12",
                                      "resolved":  "https://registry.npmjs.org/rxjs/-/rxjs-5.0.0-beta.12.tgz",
                                      "Hash":  "2F41C63BCD69A03BFEAC3D269C1109AD3BC554E5E97D53239ABD000A3A92157E"
                                  },
                         "symbol-observable":  {
                                                   "version":  "1.0.4",
                                                   "from":  "symbol-observable@\u003e=1.0.1 \u003c2.0.0",
                                                   "resolved":  "https://registry.npmjs.org/symbol-observable/-/symbol-observable-1.0.4.tgz",
                                                   "Hash":  "D2C4E95F4B3005CB9331502C71C7D411CDEE49DB0BBB01562C276D563D7E7D75"
                                               },
                         "systemjs":  {
                                          "version":  "0.19.27",
                                          "from":  "systemjs@0.19.27",
                                          "resolved":  "https://registry.npmjs.org/systemjs/-/systemjs-0.19.27.tgz",
                                          "Hash":  "CD9944ED798CEAA1EFDB683AC0505B42A343A54C5515A6AF9FC6BE2E10338C5B"
                                      },
                         "when":  {
                                      "version":  "3.7.8",
                                      "from":  "when@\u003e=3.7.5 \u003c4.0.0",
                                      "resolved":  "https://registry.npmjs.org/when/-/when-3.7.8.tgz",
                                      "Hash":  "E071B1118428E1EFE8FE3794CC990B1C07409F4D917D9E65FC521F01E0B5C39F"
                                  },
                         "zone.js":  {
                                         "version":  "0.6.26",
                                         "from":  "zone.js@0.6.26",
                                         "resolved":  "https://registry.npmjs.org/zone.js/-/zone.js-0.6.26.tgz",
                                         "Hash":  "5D7C19658F7346DB63AF0A768468E32FA688EB25CE881DED6987F4C2DAA3311F"
                                     }
                     }
}
